PODS:
  - Alamofire (5.4.4)
  - ObjectMapper (3.5.3)
  - SVProgressHUD (2.2.5)

DEPENDENCIES:
  - Alamofire (~> 5.4)
  - ObjectMapper (~> 3.5)
  - SVProgressHUD

SPEC REPOS:
  trunk:
    - Alamofire
    - ObjectMapper
    - SVProgressHUD

SPEC CHECKSUMS:
  Alamofire: f3b09a368f1582ab751b3fff5460276e0d2cf5c9
  ObjectMapper: 97111c97e054a6ee25917662106689f0b4127b37
  SVProgressHUD: 1428aafac632c1f86f62aa4243ec12008d7a51d6

PODFILE CHECKSUM: 1b5a068c53df508b7365f838a4cf57fa23f08ed0

COCOAPODS: 1.11.2
