// !$*UTF8*$!
{
	archiveVersion = 1;
	classes = {
	};
	objectVersion = 55;
	objects = {

/* Begin PBXBuildFile section */
		AF865F447BB986532758E459 /* Pods_meta_weather_api.framework in Frameworks */ = {isa = PBXBuildFile; fileRef = 1D19EC7094759F9EDC95752C /* Pods_meta_weather_api.framework */; };
		BF02175E277FD61200AAFCFA /* LocationTableViewCell.swift in Sources */ = {isa = PBXBuildFile; fileRef = BF02175D277FD61200AAFCFA /* LocationTableViewCell.swift */; };
		BF021760277FD94B00AAFCFA /* LocationSearchResponse.swift in Sources */ = {isa = PBXBuildFile; fileRef = BF02175F277FD94B00AAFCFA /* LocationSearchResponse.swift */; };
		BF0217622780B30A00AAFCFA /* LocationSearchManager.swift in Sources */ = {isa = PBXBuildFile; fileRef = BF0217612780B30A00AAFCFA /* LocationSearchManager.swift */; };
		BF0217642780B37200AAFCFA /* LocationSearchDelegate.swift in Sources */ = {isa = PBXBuildFile; fileRef = BF0217632780B37200AAFCFA /* LocationSearchDelegate.swift */; };
		BF021771278204A600AAFCFA /* LocationBackgroundView.xib in Resources */ = {isa = PBXBuildFile; fileRef = BF021770278204A600AAFCFA /* LocationBackgroundView.xib */; };
		BF021773278205DD00AAFCFA /* LocationBackgroundView.swift in Sources */ = {isa = PBXBuildFile; fileRef = BF021772278205DD00AAFCFA /* LocationBackgroundView.swift */; };
		BF0436BD277D7DCD009AC8DF /* AppDelegate.swift in Sources */ = {isa = PBXBuildFile; fileRef = BF0436BC277D7DCD009AC8DF /* AppDelegate.swift */; };
		BF0436BF277D7DCD009AC8DF /* SceneDelegate.swift in Sources */ = {isa = PBXBuildFile; fileRef = BF0436BE277D7DCD009AC8DF /* SceneDelegate.swift */; };
		BF0436C1277D7DCD009AC8DF /* LocationSearchViewController.swift in Sources */ = {isa = PBXBuildFile; fileRef = BF0436C0277D7DCD009AC8DF /* LocationSearchViewController.swift */; };
		BF0436C4277D7DCD009AC8DF /* LocationSearchStoryboard.storyboard in Resources */ = {isa = PBXBuildFile; fileRef = BF0436C2277D7DCD009AC8DF /* LocationSearchStoryboard.storyboard */; };
		BF0436C6277D7DCE009AC8DF /* Assets.xcassets in Resources */ = {isa = PBXBuildFile; fileRef = BF0436C5277D7DCE009AC8DF /* Assets.xcassets */; };
		BF0436C9277D7DCE009AC8DF /* LaunchScreen.storyboard in Resources */ = {isa = PBXBuildFile; fileRef = BF0436C7277D7DCE009AC8DF /* LaunchScreen.storyboard */; };
		BF238C852782BF5700260E74 /* LatoFont in Resources */ = {isa = PBXBuildFile; fileRef = BF238C842782BF5700260E74 /* LatoFont */; };
/* End PBXBuildFile section */

/* Begin PBXFileReference section */
		1D19EC7094759F9EDC95752C /* Pods_meta_weather_api.framework */ = {isa = PBXFileReference; explicitFileType = wrapper.framework; includeInIndex = 0; path = Pods_meta_weather_api.framework; sourceTree = BUILT_PRODUCTS_DIR; };
		2ACF88862D813B56B8A7A35D /* Pods-meta-weather-api.debug.xcconfig */ = {isa = PBXFileReference; includeInIndex = 1; lastKnownFileType = text.xcconfig; name = "Pods-meta-weather-api.debug.xcconfig"; path = "Target Support Files/Pods-meta-weather-api/Pods-meta-weather-api.debug.xcconfig"; sourceTree = "<group>"; };
		BF02175D277FD61200AAFCFA /* LocationTableViewCell.swift */ = {isa = PBXFileReference; lastKnownFileType = sourcecode.swift; path = LocationTableViewCell.swift; sourceTree = "<group>"; };
		BF02175F277FD94B00AAFCFA /* LocationSearchResponse.swift */ = {isa = PBXFileReference; lastKnownFileType = sourcecode.swift; path = LocationSearchResponse.swift; sourceTree = "<group>"; };
		BF0217612780B30A00AAFCFA /* LocationSearchManager.swift */ = {isa = PBXFileReference; lastKnownFileType = sourcecode.swift; path = LocationSearchManager.swift; sourceTree = "<group>"; };
		BF0217632780B37200AAFCFA /* LocationSearchDelegate.swift */ = {isa = PBXFileReference; lastKnownFileType = sourcecode.swift; path = LocationSearchDelegate.swift; sourceTree = "<group>"; };
		BF021770278204A600AAFCFA /* LocationBackgroundView.xib */ = {isa = PBXFileReference; lastKnownFileType = file.xib; path = LocationBackgroundView.xib; sourceTree = "<group>"; };
		BF021772278205DD00AAFCFA /* LocationBackgroundView.swift */ = {isa = PBXFileReference; lastKnownFileType = sourcecode.swift; path = LocationBackgroundView.swift; sourceTree = "<group>"; };
		BF0436B9277D7DCD009AC8DF /* meta-weather-api.app */ = {isa = PBXFileReference; explicitFileType = wrapper.application; includeInIndex = 0; path = "meta-weather-api.app"; sourceTree = BUILT_PRODUCTS_DIR; };
		BF0436BC277D7DCD009AC8DF /* AppDelegate.swift */ = {isa = PBXFileReference; lastKnownFileType = sourcecode.swift; path = AppDelegate.swift; sourceTree = "<group>"; };
		BF0436BE277D7DCD009AC8DF /* SceneDelegate.swift */ = {isa = PBXFileReference; lastKnownFileType = sourcecode.swift; path = SceneDelegate.swift; sourceTree = "<group>"; };
		BF0436C0277D7DCD009AC8DF /* LocationSearchViewController.swift */ = {isa = PBXFileReference; lastKnownFileType = sourcecode.swift; path = LocationSearchViewController.swift; sourceTree = "<group>"; };
		BF0436C3277D7DCD009AC8DF /* Base */ = {isa = PBXFileReference; lastKnownFileType = file.storyboard; name = Base; path = Base.lproj/LocationSearchStoryboard.storyboard; sourceTree = "<group>"; };
		BF0436C5277D7DCE009AC8DF /* Assets.xcassets */ = {isa = PBXFileReference; lastKnownFileType = folder.assetcatalog; path = Assets.xcassets; sourceTree = "<group>"; };
		BF0436C8277D7DCE009AC8DF /* Base */ = {isa = PBXFileReference; lastKnownFileType = file.storyboard; name = Base; path = Base.lproj/LaunchScreen.storyboard; sourceTree = "<group>"; };
		BF0436CA277D7DCE009AC8DF /* Info.plist */ = {isa = PBXFileReference; lastKnownFileType = text.plist.xml; path = Info.plist; sourceTree = "<group>"; };
		BF238C842782BF5700260E74 /* LatoFont */ = {isa = PBXFileReference; lastKnownFileType = folder; path = LatoFont; sourceTree = "<group>"; };
		C52361F77A9EAE3594C17785 /* Pods-meta-weather-api.release.xcconfig */ = {isa = PBXFileReference; includeInIndex = 1; lastKnownFileType = text.xcconfig; name = "Pods-meta-weather-api.release.xcconfig"; path = "Target Support Files/Pods-meta-weather-api/Pods-meta-weather-api.release.xcconfig"; sourceTree = "<group>"; };
/* End PBXFileReference section */

/* Begin PBXFrameworksBuildPhase section */
		BF0436B6277D7DCD009AC8DF /* Frameworks */ = {
			isa = PBXFrameworksBuildPhase;
			buildActionMask = 2147483647;
			files = (
				AF865F447BB986532758E459 /* Pods_meta_weather_api.framework in Frameworks */,
			);
			runOnlyForDeploymentPostprocessing = 0;
		};
/* End PBXFrameworksBuildPhase section */

/* Begin PBXGroup section */
		255C620435ABFD8DA5978B87 /* Pods */ = {
			isa = PBXGroup;
			children = (
				2ACF88862D813B56B8A7A35D /* Pods-meta-weather-api.debug.xcconfig */,
				C52361F77A9EAE3594C17785 /* Pods-meta-weather-api.release.xcconfig */,
			);
			path = Pods;
			sourceTree = "<group>";
		};
		B02F12650CA2BAECC671E57A /* Frameworks */ = {
			isa = PBXGroup;
			children = (
				1D19EC7094759F9EDC95752C /* Pods_meta_weather_api.framework */,
			);
			name = Frameworks;
			sourceTree = "<group>";
		};
		BF021759277F8E9100AAFCFA /* Controllers */ = {
			isa = PBXGroup;
			children = (
				BF0436C0277D7DCD009AC8DF /* LocationSearchViewController.swift */,
				BF02175D277FD61200AAFCFA /* LocationTableViewCell.swift */,
				BF021772278205DD00AAFCFA /* LocationBackgroundView.swift */,
			);
			path = Controllers;
			sourceTree = "<group>";
		};
		BF02175A277F8EA300AAFCFA /* Views */ = {
			isa = PBXGroup;
			children = (
				BF0436C7277D7DCE009AC8DF /* LaunchScreen.storyboard */,
				BF0436C2277D7DCD009AC8DF /* LocationSearchStoryboard.storyboard */,
				BF021770278204A600AAFCFA /* LocationBackgroundView.xib */,
			);
			path = Views;
			sourceTree = "<group>";
		};
		BF02175B277F8EAC00AAFCFA /* Models */ = {
			isa = PBXGroup;
			children = (
				BF02175F277FD94B00AAFCFA /* LocationSearchResponse.swift */,
				BF0217612780B30A00AAFCFA /* LocationSearchManager.swift */,
			);
			path = Models;
			sourceTree = "<group>";
		};
		BF02175C277F8EBB00AAFCFA /* Delegates */ = {
			isa = PBXGroup;
			children = (
				BF0436BC277D7DCD009AC8DF /* AppDelegate.swift */,
				BF0436BE277D7DCD009AC8DF /* SceneDelegate.swift */,
				BF0217632780B37200AAFCFA /* LocationSearchDelegate.swift */,
			);
			path = Delegates;
			sourceTree = "<group>";
		};
		BF0436B0277D7DCD009AC8DF = {
			isa = PBXGroup;
			children = (
				BF0436BB277D7DCD009AC8DF /* meta-weather-api */,
				BF0436BA277D7DCD009AC8DF /* Products */,
				255C620435ABFD8DA5978B87 /* Pods */,
				B02F12650CA2BAECC671E57A /* Frameworks */,
			);
			sourceTree = "<group>";
		};
		BF0436BA277D7DCD009AC8DF /* Products */ = {
			isa = PBXGroup;
			children = (
				BF0436B9277D7DCD009AC8DF /* meta-weather-api.app */,
			);
			name = Products;
			sourceTree = "<group>";
		};
		BF0436BB277D7DCD009AC8DF /* meta-weather-api */ = {
			isa = PBXGroup;
			children = (
				BF0436CA277D7DCE009AC8DF /* Info.plist */,
				BF0436C5277D7DCE009AC8DF /* Assets.xcassets */,
				BF238C842782BF5700260E74 /* LatoFont */,
				BF02175C277F8EBB00AAFCFA /* Delegates */,
				BF02175B277F8EAC00AAFCFA /* Models */,
				BF02175A277F8EA300AAFCFA /* Views */,
				BF021759277F8E9100AAFCFA /* Controllers */,
			);
			path = "meta-weather-api";
			sourceTree = "<group>";
		};
/* End PBXGroup section */

/* Begin PBXNativeTarget section */
		BF0436B8277D7DCD009AC8DF /* meta-weather-api */ = {
			isa = PBXNativeTarget;
			buildConfigurationList = BF0436CD277D7DCE009AC8DF /* Build configuration list for PBXNativeTarget "meta-weather-api" */;
			buildPhases = (
				EB76A11F70BC4EBD5FB5CBDC /* [CP] Check Pods Manifest.lock */,
				BF0436B5277D7DCD009AC8DF /* Sources */,
				BF0436B6277D7DCD009AC8DF /* Frameworks */,
				BF0436B7277D7DCD009AC8DF /* Resources */,
				3C79C05D22A7A3066C1A0248 /* [CP] Embed Pods Frameworks */,
			);
			buildRules = (
			);
			dependencies = (
			);
			name = "meta-weather-api";
			productName = "meta-weather-api";
			productReference = BF0436B9277D7DCD009AC8DF /* meta-weather-api.app */;
			productType = "com.apple.product-type.application";
		};
/* End PBXNativeTarget section */

/* Begin PBXProject section */
		BF0436B1277D7DCD009AC8DF /* Project object */ = {
			isa = PBXProject;
			attributes = {
				BuildIndependentTargetsInParallel = 1;
				LastSwiftUpdateCheck = 1310;
				LastUpgradeCheck = 1310;
				TargetAttributes = {
					BF0436B8277D7DCD009AC8DF = {
						CreatedOnToolsVersion = 13.1;
					};
				};
			};
			buildConfigurationList = BF0436B4277D7DCD009AC8DF /* Build configuration list for PBXProject "meta-weather-api" */;
			compatibilityVersion = "Xcode 13.0";
			developmentRegion = en;
			hasScannedForEncodings = 0;
			knownRegions = (
				en,
				Base,
			);
			mainGroup = BF0436B0277D7DCD009AC8DF;
			productRefGroup = BF0436BA277D7DCD009AC8DF /* Products */;
			projectDirPath = "";
			projectRoot = "";
			targets = (
				BF0436B8277D7DCD009AC8DF /* meta-weather-api */,
			);
		};
/* End PBXProject section */

/* Begin PBXResourcesBuildPhase section */
		BF0436B7277D7DCD009AC8DF /* Resources */ = {
			isa = PBXResourcesBuildPhase;
			buildActionMask = 2147483647;
			files = (
				BF0436C9277D7DCE009AC8DF /* LaunchScreen.storyboard in Resources */,
				BF021771278204A600AAFCFA /* LocationBackgroundView.xib in Resources */,
				BF0436C6277D7DCE009AC8DF /* Assets.xcassets in Resources */,
				BF238C852782BF5700260E74 /* LatoFont in Resources */,
				BF0436C4277D7DCD009AC8DF /* LocationSearchStoryboard.storyboard in Resources */,
			);
			runOnlyForDeploymentPostprocessing = 0;
		};
/* End PBXResourcesBuildPhase section */

/* Begin PBXShellScriptBuildPhase section */
		3C79C05D22A7A3066C1A0248 /* [CP] Embed Pods Frameworks */ = {
			isa = PBXShellScriptBuildPhase;
			buildActionMask = 2147483647;
			files = (
			);
			inputFileListPaths = (
				"${PODS_ROOT}/Target Support Files/Pods-meta-weather-api/Pods-meta-weather-api-frameworks-${CONFIGURATION}-input-files.xcfilelist",
			);
			name = "[CP] Embed Pods Frameworks";
			outputFileListPaths = (
				"${PODS_ROOT}/Target Support Files/Pods-meta-weather-api/Pods-meta-weather-api-frameworks-${CONFIGURATION}-output-files.xcfilelist",
			);
			runOnlyForDeploymentPostprocessing = 0;
			shellPath = /bin/sh;
			shellScript = "\"${PODS_ROOT}/Target Support Files/Pods-meta-weather-api/Pods-meta-weather-api-frameworks.sh\"\n";
			showEnvVarsInLog = 0;
		};
		EB76A11F70BC4EBD5FB5CBDC /* [CP] Check Pods Manifest.lock */ = {
			isa = PBXShellScriptBuildPhase;
			buildActionMask = 2147483647;
			files = (
			);
			inputFileListPaths = (
			);
			inputPaths = (
				"${PODS_PODFILE_DIR_PATH}/Podfile.lock",
				"${PODS_ROOT}/Manifest.lock",
			);
			name = "[CP] Check Pods Manifest.lock";
			outputFileListPaths = (
			);
			outputPaths = (
				"$(DERIVED_FILE_DIR)/Pods-meta-weather-api-checkManifestLockResult.txt",
			);
			runOnlyForDeploymentPostprocessing = 0;
			shellPath = /bin/sh;
			shellScript = "diff \"${PODS_PODFILE_DIR_PATH}/Podfile.lock\" \"${PODS_ROOT}/Manifest.lock\" > /dev/null\nif [ $? != 0 ] ; then\n    # print error to STDERR\n    echo \"error: The sandbox is not in sync with the Podfile.lock. Run 'pod install' or update your CocoaPods installation.\" >&2\n    exit 1\nfi\n# This output is used by Xcode 'outputs' to avoid re-running this script phase.\necho \"SUCCESS\" > \"${SCRIPT_OUTPUT_FILE_0}\"\n";
			showEnvVarsInLog = 0;
		};
/* End PBXShellScriptBuildPhase section */

/* Begin PBXSourcesBuildPhase section */
		BF0436B5277D7DCD009AC8DF /* Sources */ = {
			isa = PBXSourcesBuildPhase;
			buildActionMask = 2147483647;
			files = (
				BF0217622780B30A00AAFCFA /* LocationSearchManager.swift in Sources */,
				BF021760277FD94B00AAFCFA /* LocationSearchResponse.swift in Sources */,
				BF0217642780B37200AAFCFA /* LocationSearchDelegate.swift in Sources */,
				BF021773278205DD00AAFCFA /* LocationBackgroundView.swift in Sources */,
				BF0436C1277D7DCD009AC8DF /* LocationSearchViewController.swift in Sources */,
				BF0436BD277D7DCD009AC8DF /* AppDelegate.swift in Sources */,
				BF02175E277FD61200AAFCFA /* LocationTableViewCell.swift in Sources */,
				BF0436BF277D7DCD009AC8DF /* SceneDelegate.swift in Sources */,
			);
			runOnlyForDeploymentPostprocessing = 0;
		};
/* End PBXSourcesBuildPhase section */

/* Begin PBXVariantGroup section */
		BF0436C2277D7DCD009AC8DF /* LocationSearchStoryboard.storyboard */ = {
			isa = PBXVariantGroup;
			children = (
				BF0436C3277D7DCD009AC8DF /* Base */,
			);
			name = LocationSearchStoryboard.storyboard;
			sourceTree = "<group>";
		};
		BF0436C7277D7DCE009AC8DF /* LaunchScreen.storyboard */ = {
			isa = PBXVariantGroup;
			children = (
				BF0436C8277D7DCE009AC8DF /* Base */,
			);
			name = LaunchScreen.storyboard;
			sourceTree = "<group>";
		};
/* End PBXVariantGroup section */

/* Begin XCBuildConfiguration section */
		BF0436CB277D7DCE009AC8DF /* Debug */ = {
			isa = XCBuildConfiguration;
			buildSettings = {
				ALWAYS_SEARCH_USER_PATHS = NO;
				CLANG_ANALYZER_NONNULL = YES;
				CLANG_ANALYZER_NUMBER_OBJECT_CONVERSION = YES_AGGRESSIVE;
				CLANG_CXX_LANGUAGE_STANDARD = "gnu++17";
				CLANG_CXX_LIBRARY = "libc++";
				CLANG_ENABLE_MODULES = YES;
				CLANG_ENABLE_OBJC_ARC = YES;
				CLANG_ENABLE_OBJC_WEAK = YES;
				CLANG_WARN_BLOCK_CAPTURE_AUTORELEASING = YES;
				CLANG_WARN_BOOL_CONVERSION = YES;
				CLANG_WARN_COMMA = YES;
				CLANG_WARN_CONSTANT_CONVERSION = YES;
				CLANG_WARN_DEPRECATED_OBJC_IMPLEMENTATIONS = YES;
				CLANG_WARN_DIRECT_OBJC_ISA_USAGE = YES_ERROR;
				CLANG_WARN_DOCUMENTATION_COMMENTS = YES;
				CLANG_WARN_EMPTY_BODY = YES;
				CLANG_WARN_ENUM_CONVERSION = YES;
				CLANG_WARN_INFINITE_RECURSION = YES;
				CLANG_WARN_INT_CONVERSION = YES;
				CLANG_WARN_NON_LITERAL_NULL_CONVERSION = YES;
				CLANG_WARN_OBJC_IMPLICIT_RETAIN_SELF = YES;
				CLANG_WARN_OBJC_LITERAL_CONVERSION = YES;
				CLANG_WARN_OBJC_ROOT_CLASS = YES_ERROR;
				CLANG_WARN_QUOTED_INCLUDE_IN_FRAMEWORK_HEADER = YES;
				CLANG_WARN_RANGE_LOOP_ANALYSIS = YES;
				CLANG_WARN_STRICT_PROTOTYPES = YES;
				CLANG_WARN_SUSPICIOUS_MOVE = YES;
				CLANG_WARN_UNGUARDED_AVAILABILITY = YES_AGGRESSIVE;
				CLANG_WARN_UNREACHABLE_CODE = YES;
				CLANG_WARN__DUPLICATE_METHOD_MATCH = YES;
				COPY_PHASE_STRIP = NO;
				DEBUG_INFORMATION_FORMAT = dwarf;
				ENABLE_STRICT_OBJC_MSGSEND = YES;
				ENABLE_TESTABILITY = YES;
				GCC_C_LANGUAGE_STANDARD = gnu11;
				GCC_DYNAMIC_NO_PIC = NO;
				GCC_NO_COMMON_BLOCKS = YES;
				GCC_OPTIMIZATION_LEVEL = 0;
				GCC_PREPROCESSOR_DEFINITIONS = (
					"DEBUG=1",
					"$(inherited)",
				);
				GCC_WARN_64_TO_32_BIT_CONVERSION = YES;
				GCC_WARN_ABOUT_RETURN_TYPE = YES_ERROR;
				GCC_WARN_UNDECLARED_SELECTOR = YES;
				GCC_WARN_UNINITIALIZED_AUTOS = YES_AGGRESSIVE;
				GCC_WARN_UNUSED_FUNCTION = YES;
				GCC_WARN_UNUSED_VARIABLE = YES;
				IPHONEOS_DEPLOYMENT_TARGET = 15.0;
				MTL_ENABLE_DEBUG_INFO = INCLUDE_SOURCE;
				MTL_FAST_MATH = YES;
				ONLY_ACTIVE_ARCH = YES;
				SDKROOT = iphoneos;
				SWIFT_ACTIVE_COMPILATION_CONDITIONS = DEBUG;
				SWIFT_OPTIMIZATION_LEVEL = "-Onone";
			};
			name = Debug;
		};
		BF0436CC277D7DCE009AC8DF /* Release */ = {
			isa = XCBuildConfiguration;
			buildSettings = {
				ALWAYS_SEARCH_USER_PATHS = NO;
				CLANG_ANALYZER_NONNULL = YES;
				CLANG_ANALYZER_NUMBER_OBJECT_CONVERSION = YES_AGGRESSIVE;
				CLANG_CXX_LANGUAGE_STANDARD = "gnu++17";
				CLANG_CXX_LIBRARY = "libc++";
				CLANG_ENABLE_MODULES = YES;
				CLANG_ENABLE_OBJC_ARC = YES;
				CLANG_ENABLE_OBJC_WEAK = YES;
				CLANG_WARN_BLOCK_CAPTURE_AUTORELEASING = YES;
				CLANG_WARN_BOOL_CONVERSION = YES;
				CLANG_WARN_COMMA = YES;
				CLANG_WARN_CONSTANT_CONVERSION = YES;
				CLANG_WARN_DEPRECATED_OBJC_IMPLEMENTATIONS = YES;
				CLANG_WARN_DIRECT_OBJC_ISA_USAGE = YES_ERROR;
				CLANG_WARN_DOCUMENTATION_COMMENTS = YES;
				CLANG_WARN_EMPTY_BODY = YES;
				CLANG_WARN_ENUM_CONVERSION = YES;
				CLANG_WARN_INFINITE_RECURSION = YES;
				CLANG_WARN_INT_CONVERSION = YES;
				CLANG_WARN_NON_LITERAL_NULL_CONVERSION = YES;
				CLANG_WARN_OBJC_IMPLICIT_RETAIN_SELF = YES;
				CLANG_WARN_OBJC_LITERAL_CONVERSION = YES;
				CLANG_WARN_OBJC_ROOT_CLASS = YES_ERROR;
				CLANG_WARN_QUOTED_INCLUDE_IN_FRAMEWORK_HEADER = YES;
				CLANG_WARN_RANGE_LOOP_ANALYSIS = YES;
				CLANG_WARN_STRICT_PROTOTYPES = YES;
				CLANG_WARN_SUSPICIOUS_MOVE = YES;
				CLANG_WARN_UNGUARDED_AVAILABILITY = YES_AGGRESSIVE;
				CLANG_WARN_UNREACHABLE_CODE = YES;
				CLANG_WARN__DUPLICATE_METHOD_MATCH = YES;
				COPY_PHASE_STRIP = NO;
				DEBUG_INFORMATION_FORMAT = "dwarf-with-dsym";
				ENABLE_NS_ASSERTIONS = NO;
				ENABLE_STRICT_OBJC_MSGSEND = YES;
				GCC_C_LANGUAGE_STANDARD = gnu11;
				GCC_NO_COMMON_BLOCKS = YES;
				GCC_WARN_64_TO_32_BIT_CONVERSION = YES;
				GCC_WARN_ABOUT_RETURN_TYPE = YES_ERROR;
				GCC_WARN_UNDECLARED_SELECTOR = YES;
				GCC_WARN_UNINITIALIZED_AUTOS = YES_AGGRESSIVE;
				GCC_WARN_UNUSED_FUNCTION = YES;
				GCC_WARN_UNUSED_VARIABLE = YES;
				IPHONEOS_DEPLOYMENT_TARGET = 15.0;
				MTL_ENABLE_DEBUG_INFO = NO;
				MTL_FAST_MATH = YES;
				SDKROOT = iphoneos;
				SWIFT_COMPILATION_MODE = wholemodule;
				SWIFT_OPTIMIZATION_LEVEL = "-O";
				VALIDATE_PRODUCT = YES;
			};
			name = Release;
		};
		BF0436CE277D7DCE009AC8DF /* Debug */ = {
			isa = XCBuildConfiguration;
			baseConfigurationReference = 2ACF88862D813B56B8A7A35D /* Pods-meta-weather-api.debug.xcconfig */;
			buildSettings = {
				ASSETCATALOG_COMPILER_APPICON_NAME = AppIcon;
				ASSETCATALOG_COMPILER_GLOBAL_ACCENT_COLOR_NAME = AccentColor;
				CODE_SIGN_STYLE = Automatic;
				CURRENT_PROJECT_VERSION = 1;
				GENERATE_INFOPLIST_FILE = YES;
				INFOPLIST_FILE = "meta-weather-api/Info.plist";
				INFOPLIST_KEY_UIApplicationSupportsIndirectInputEvents = YES;
				INFOPLIST_KEY_UILaunchStoryboardName = LaunchScreen;
				INFOPLIST_KEY_UIMainStoryboardFile = LocationSearchStoryboard;
				INFOPLIST_KEY_UISupportedInterfaceOrientations_iPad = "UIInterfaceOrientationPortrait UIInterfaceOrientationPortraitUpsideDown UIInterfaceOrientationLandscapeLeft UIInterfaceOrientationLandscapeRight";
				INFOPLIST_KEY_UISupportedInterfaceOrientations_iPhone = "UIInterfaceOrientationPortrait UIInterfaceOrientationLandscapeLeft UIInterfaceOrientationLandscapeRight";
				LD_RUNPATH_SEARCH_PATHS = (
					"$(inherited)",
					"@executable_path/Frameworks",
				);
				MARKETING_VERSION = 1.0;
				PRODUCT_BUNDLE_IDENTIFIER = "leonardomartes.meta-weather-api";
				PRODUCT_NAME = "$(TARGET_NAME)";
				SWIFT_EMIT_LOC_STRINGS = YES;
				SWIFT_VERSION = 5.0;
				TARGETED_DEVICE_FAMILY = "1,2";
			};
			name = Debug;
		};
		BF0436CF277D7DCE009AC8DF /* Release */ = {
			isa = XCBuildConfiguration;
			baseConfigurationReference = C52361F77A9EAE3594C17785 /* Pods-meta-weather-api.release.xcconfig */;
			buildSettings = {
				ASSETCATALOG_COMPILER_APPICON_NAME = AppIcon;
				ASSETCATALOG_COMPILER_GLOBAL_ACCENT_COLOR_NAME = AccentColor;
				CODE_SIGN_STYLE = Automatic;
				CURRENT_PROJECT_VERSION = 1;
				GENERATE_INFOPLIST_FILE = YES;
				INFOPLIST_FILE = "meta-weather-api/Info.plist";
				INFOPLIST_KEY_UIApplicationSupportsIndirectInputEvents = YES;
				INFOPLIST_KEY_UILaunchStoryboardName = LaunchScreen;
				INFOPLIST_KEY_UIMainStoryboardFile = LocationSearchStoryboard;
				INFOPLIST_KEY_UISupportedInterfaceOrientations_iPad = "UIInterfaceOrientationPortrait UIInterfaceOrientationPortraitUpsideDown UIInterfaceOrientationLandscapeLeft UIInterfaceOrientationLandscapeRight";
				INFOPLIST_KEY_UISupportedInterfaceOrientations_iPhone = "UIInterfaceOrientationPortrait UIInterfaceOrientationLandscapeLeft UIInterfaceOrientationLandscapeRight";
				LD_RUNPATH_SEARCH_PATHS = (
					"$(inherited)",
					"@executable_path/Frameworks",
				);
				MARKETING_VERSION = 1.0;
				PRODUCT_BUNDLE_IDENTIFIER = "leonardomartes.meta-weather-api";
				PRODUCT_NAME = "$(TARGET_NAME)";
				SWIFT_EMIT_LOC_STRINGS = YES;
				SWIFT_VERSION = 5.0;
				TARGETED_DEVICE_FAMILY = "1,2";
			};
			name = Release;
		};
/* End XCBuildConfiguration section */

/* Begin XCConfigurationList section */
		BF0436B4277D7DCD009AC8DF /* Build configuration list for PBXProject "meta-weather-api" */ = {
			isa = XCConfigurationList;
			buildConfigurations = (
				BF0436CB277D7DCE009AC8DF /* Debug */,
				BF0436CC277D7DCE009AC8DF /* Release */,
			);
			defaultConfigurationIsVisible = 0;
			defaultConfigurationName = Release;
		};
		BF0436CD277D7DCE009AC8DF /* Build configuration list for PBXNativeTarget "meta-weather-api" */ = {
			isa = XCConfigurationList;
			buildConfigurations = (
				BF0436CE277D7DCE009AC8DF /* Debug */,
				BF0436CF277D7DCE009AC8DF /* Release */,
			);
			defaultConfigurationIsVisible = 0;
			defaultConfigurationName = Release;
		};
/* End XCConfigurationList section */
	};
	rootObject = BF0436B1277D7DCD009AC8DF /* Project object */;
}
